// !$*UTF8*$!
{
	archiveVersion = 1;
	classes = {
	};
	objectVersion = 77;
	objects = {

/* Begin PBXContainerItemProxy section */
		43694E3E2DA6793D00EBC345 /* PBXContainerItemProxy */ = {
			isa = PBXContainerItemProxy;
			containerPortal = 43694E282DA6793C00EBC345 /* Project object */;
			proxyType = 1;
			remoteGlobalIDString = 43694E2F2DA6793C00EBC345;
			remoteInfo = 3WayhandshakeExchanging_Profileexchange_withHandshake;
		};
		43694E482DA6793D00EBC345 /* PBXContainerItemProxy */ = {
			isa = PBXContainerItemProxy;
			containerPortal = 43694E282DA6793C00EBC345 /* Project object */;
			proxyType = 1;
			remoteGlobalIDString = 43694E2F2DA6793C00EBC345;
			remoteInfo = 3WayhandshakeExchanging_Profileexchange_withHandshake;
		};
/* End PBXContainerItemProxy section */

/* Begin PBXFileReference section */
		43694E302DA6793C00EBC345 /* 3WayhandshakeExchanging_Profileexchange_withHandshake.app */ = {isa = PBXFileReference; explicitFileType = wrapper.application; includeInIndex = 0; path = 3WayhandshakeExchanging_Profileexchange_withHandshake.app; sourceTree = BUILT_PRODUCTS_DIR; };
		43694E3D2DA6793D00EBC345 /* 3WayhandshakeExchanging_Profileexchange_withHandshakeTests.xctest */ = {isa = PBXFileReference; explicitFileType = wrapper.cfbundle; includeInIndex = 0; path = 3WayhandshakeExchanging_Profileexchange_withHandshakeTests.xctest; sourceTree = BUILT_PRODUCTS_DIR; };
		43694E472DA6793D00EBC345 /* 3WayhandshakeExchanging_Profileexchange_withHandshakeUITests.xctest */ = {isa = PBXFileReference; explicitFileType = wrapper.cfbundle; includeInIndex = 0; path = 3WayhandshakeExchanging_Profileexchange_withHandshakeUITests.xctest; sourceTree = BUILT_PRODUCTS_DIR; };
/* End PBXFileReference section */

/* Begin PBXFileSystemSynchronizedRootGroup section */
		43694E322DA6793C00EBC345 /* 3WayhandshakeExchanging_Profileexchange_withHandshake */ = {
			isa = PBXFileSystemSynchronizedRootGroup;
			path = 3WayhandshakeExchanging_Profileexchange_withHandshake;
			sourceTree = "<group>";
		};
		43694E402DA6793D00EBC345 /* 3WayhandshakeExchanging_Profileexchange_withHandshakeTests */ = {
			isa = PBXFileSystemSynchronizedRootGroup;
			path = 3WayhandshakeExchanging_Profileexchange_withHandshakeTests;
			sourceTree = "<group>";
		};
		43694E4A2DA6793D00EBC345 /* 3WayhandshakeExchanging_Profileexchange_withHandshakeUITests */ = {
			isa = PBXFileSystemSynchronizedRootGroup;
			path = 3WayhandshakeExchanging_Profileexchange_withHandshakeUITests;
			sourceTree = "<group>";
		};
/* End PBXFileSystemSynchronizedRootGroup section */

/* Begin PBXFrameworksBuildPhase section */
		43694E2D2DA6793C00EBC345 /* Frameworks */ = {
			isa = PBXFrameworksBuildPhase;
			buildActionMask = 2147483647;
			files = (
			);
			runOnlyForDeploymentPostprocessing = 0;
		};
		43694E3A2DA6793D00EBC345 /* Frameworks */ = {
			isa = PBXFrameworksBuildPhase;
			buildActionMask = 2147483647;
			files = (
			);
			runOnlyForDeploymentPostprocessing = 0;
		};
		43694E442DA6793D00EBC345 /* Frameworks */ = {
			isa = PBXFrameworksBuildPhase;
			buildActionMask = 2147483647;
			files = (
			);
			runOnlyForDeploymentPostprocessing = 0;
		};
/* End PBXFrameworksBuildPhase section */

/* Begin PBXGroup section */
		43694E272DA6793C00EBC345 = {
			isa = PBXGroup;
			children = (
				43694E322DA6793C00EBC345 /* 3WayhandshakeExchanging_Profileexchange_withHandshake */,
				43694E402DA6793D00EBC345 /* 3WayhandshakeExchanging_Profileexchange_withHandshakeTests */,
				43694E4A2DA6793D00EBC345 /* 3WayhandshakeExchanging_Profileexchange_withHandshakeUITests */,
				43694E312DA6793C00EBC345 /* Products */,
			);
			sourceTree = "<group>";
		};
		43694E312DA6793C00EBC345 /* Products */ = {
			isa = PBXGroup;
			children = (
				43694E302DA6793C00EBC345 /* 3WayhandshakeExchanging_Profileexchange_withHandshake.app */,
				43694E3D2DA6793D00EBC345 /* 3WayhandshakeExchanging_Profileexchange_withHandshakeTests.xctest */,
				43694E472DA6793D00EBC345 /* 3WayhandshakeExchanging_Profileexchange_withHandshakeUITests.xctest */,
			);
			name = Products;
			sourceTree = "<group>";
		};
/* End PBXGroup section */

/* Begin PBXNativeTarget section */
		43694E2F2DA6793C00EBC345 /* 3WayhandshakeExchanging_Profileexchange_withHandshake */ = {
			isa = PBXNativeTarget;
			buildConfigurationList = 43694E512DA6793D00EBC345 /* Build configuration list for PBXNativeTarget "3WayhandshakeExchanging_Profileexchange_withHandshake" */;
			buildPhases = (
				43694E2C2DA6793C00EBC345 /* Sources */,
				43694E2D2DA6793C00EBC345 /* Frameworks */,
				43694E2E2DA6793C00EBC345 /* Resources */,
			);
			buildRules = (
			);
			dependencies = (
			);
			fileSystemSynchronizedGroups = (
				43694E322DA6793C00EBC345 /* 3WayhandshakeExchanging_Profileexchange_withHandshake */,
			);
			name = 3WayhandshakeExchanging_Profileexchange_withHandshake;
			packageProductDependencies = (
			);
			productName = 3WayhandshakeExchanging_Profileexchange_withHandshake;
			productReference = 43694E302DA6793C00EBC345 /* 3WayhandshakeExchanging_Profileexchange_withHandshake.app */;
			productType = "com.apple.product-type.application";
		};
		43694E3C2DA6793D00EBC345 /* 3WayhandshakeExchanging_Profileexchange_withHandshakeTests */ = {
			isa = PBXNativeTarget;
			buildConfigurationList = 43694E542DA6793D00EBC345 /* Build configuration list for PBXNativeTarget "3WayhandshakeExchanging_Profileexchange_withHandshakeTests" */;
			buildPhases = (
				43694E392DA6793D00EBC345 /* Sources */,
				43694E3A2DA6793D00EBC345 /* Frameworks */,
				43694E3B2DA6793D00EBC345 /* Resources */,
			);
			buildRules = (
			);
			dependencies = (
				43694E3F2DA6793D00EBC345 /* PBXTargetDependency */,
			);
			fileSystemSynchronizedGroups = (
				43694E402DA6793D00EBC345 /* 3WayhandshakeExchanging_Profileexchange_withHandshakeTests */,
			);
			name = 3WayhandshakeExchanging_Profileexchange_withHandshakeTests;
			packageProductDependencies = (
			);
			productName = 3WayhandshakeExchanging_Profileexchange_withHandshakeTests;
			productReference = 43694E3D2DA6793D00EBC345 /* 3WayhandshakeExchanging_Profileexchange_withHandshakeTests.xctest */;
			productType = "com.apple.product-type.bundle.unit-test";
		};
		43694E462DA6793D00EBC345 /* 3WayhandshakeExchanging_Profileexchange_withHandshakeUITests */ = {
			isa = PBXNativeTarget;
			buildConfigurationList = 43694E572DA6793D00EBC345 /* Build configuration list for PBXNativeTarget "3WayhandshakeExchanging_Profileexchange_withHandshakeUITests" */;
			buildPhases = (
				43694E432DA6793D00EBC345 /* Sources */,
				43694E442DA6793D00EBC345 /* Frameworks */,
				43694E452DA6793D00EBC345 /* Resources */,
			);
			buildRules = (
			);
			dependencies = (
				43694E492DA6793D00EBC345 /* PBXTargetDependency */,
			);
			fileSystemSynchronizedGroups = (
				43694E4A2DA6793D00EBC345 /* 3WayhandshakeExchanging_Profileexchange_withHandshakeUITests */,
			);
			name = 3WayhandshakeExchanging_Profileexchange_withHandshakeUITests;
			packageProductDependencies = (
			);
			productName = 3WayhandshakeExchanging_Profileexchange_withHandshakeUITests;
			productReference = 43694E472DA6793D00EBC345 /* 3WayhandshakeExchanging_Profileexchange_withHandshakeUITests.xctest */;
			productType = "com.apple.product-type.bundle.ui-testing";
		};
/* End PBXNativeTarget section */

/* Begin PBXProject section */
		43694E282DA6793C00EBC345 /* Project object */ = {
			isa = PBXProject;
			attributes = {
				BuildIndependentTargetsInParallel = 1;
				LastSwiftUpdateCheck = 1630;
				LastUpgradeCheck = 1630;
				TargetAttributes = {
					43694E2F2DA6793C00EBC345 = {
						CreatedOnToolsVersion = 16.3;
					};
					43694E3C2DA6793D00EBC345 = {
						CreatedOnToolsVersion = 16.3;
						TestTargetID = 43694E2F2DA6793C00EBC345;
					};
					43694E462DA6793D00EBC345 = {
						CreatedOnToolsVersion = 16.3;
						TestTargetID = 43694E2F2DA6793C00EBC345;
					};
				};
			};
			buildConfigurationList = 43694E2B2DA6793C00EBC345 /* Build configuration list for PBXProject "3WayhandshakeExchanging_Profileexchange_withHandshake" */;
			developmentRegion = en;
			hasScannedForEncodings = 0;
			knownRegions = (
				en,
				Base,
			);
			mainGroup = 43694E272DA6793C00EBC345;
			minimizedProjectReferenceProxies = 1;
			preferredProjectObjectVersion = 77;
			productRefGroup = 43694E312DA6793C00EBC345 /* Products */;
			projectDirPath = "";
			projectRoot = "";
			targets = (
				43694E2F2DA6793C00EBC345 /* 3WayhandshakeExchanging_Profileexchange_withHandshake */,
				43694E3C2DA6793D00EBC345 /* 3WayhandshakeExchanging_Profileexchange_withHandshakeTests */,
				43694E462DA6793D00EBC345 /* 3WayhandshakeExchanging_Profileexchange_withHandshakeUITests */,
			);
		};
/* End PBXProject section */

/* Begin PBXResourcesBuildPhase section */
		43694E2E2DA6793C00EBC345 /* Resources */ = {
			isa = PBXResourcesBuildPhase;
			buildActionMask = 2147483647;
			files = (
			);
			runOnlyForDeploymentPostprocessing = 0;
		};
		43694E3B2DA6793D00EBC345 /* Resources */ = {
			isa = PBXResourcesBuildPhase;
			buildActionMask = 2147483647;
			files = (
			);
			runOnlyForDeploymentPostprocessing = 0;
		};
		43694E452DA6793D00EBC345 /* Resources */ = {
			isa = PBXResourcesBuildPhase;
			buildActionMask = 2147483647;
			files = (
			);
			runOnlyForDeploymentPostprocessing = 0;
		};
/* End PBXResourcesBuildPhase section */

/* Begin PBXSourcesBuildPhase section */
		43694E2C2DA6793C00EBC345 /* Sources */ = {
			isa = PBXSourcesBuildPhase;
			buildActionMask = 2147483647;
			files = (
			);
			runOnlyForDeploymentPostprocessing = 0;
		};
		43694E392DA6793D00EBC345 /* Sources */ = {
			isa = PBXSourcesBuildPhase;
			buildActionMask = 2147483647;
			files = (
			);
			runOnlyForDeploymentPostprocessing = 0;
		};
		43694E432DA6793D00EBC345 /* Sources */ = {
			isa = PBXSourcesBuildPhase;
			buildActionMask = 2147483647;
			files = (
			);
			runOnlyForDeploymentPostprocessing = 0;
		};
/* End PBXSourcesBuildPhase section */

/* Begin PBXTargetDependency section */
		43694E3F2DA6793D00EBC345 /* PBXTargetDependency */ = {
			isa = PBXTargetDependency;
			target = 43694E2F2DA6793C00EBC345 /* 3WayhandshakeExchanging_Profileexchange_withHandshake */;
			targetProxy = 43694E3E2DA6793D00EBC345 /* PBXContainerItemProxy */;
		};
		43694E492DA6793D00EBC345 /* PBXTargetDependency */ = {
			isa = PBXTargetDependency;
			target = 43694E2F2DA6793C00EBC345 /* 3WayhandshakeExchanging_Profileexchange_withHandshake */;
			targetProxy = 43694E482DA6793D00EBC345 /* PBXContainerItemProxy */;
		};
/* End PBXTargetDependency section */

/* Begin XCBuildConfiguration section */
		43694E4F2DA6793D00EBC345 /* Debug */ = {
			isa = XCBuildConfiguration;
			buildSettings = {
				ALWAYS_SEARCH_USER_PATHS = NO;
				ASSETCATALOG_COMPILER_GENERATE_SWIFT_ASSET_SYMBOL_EXTENSIONS = YES;
				CLANG_ANALYZER_NONNULL = YES;
				CLANG_ANALYZER_NUMBER_OBJECT_CONVERSION = YES_AGGRESSIVE;
				CLANG_CXX_LANGUAGE_STANDARD = "gnu++20";
				CLANG_ENABLE_MODULES = YES;
				CLANG_ENABLE_OBJC_ARC = YES;
				CLANG_ENABLE_OBJC_WEAK = YES;
				CLANG_WARN_BLOCK_CAPTURE_AUTORELEASING = YES;
				CLANG_WARN_BOOL_CONVERSION = YES;
				CLANG_WARN_COMMA = YES;
				CLANG_WARN_CONSTANT_CONVERSION = YES;
				CLANG_WARN_DEPRECATED_OBJC_IMPLEMENTATIONS = YES;
				CLANG_WARN_DIRECT_OBJC_ISA_USAGE = YES_ERROR;
				CLANG_WARN_DOCUMENTATION_COMMENTS = YES;
				CLANG_WARN_EMPTY_BODY = YES;
				CLANG_WARN_ENUM_CONVERSION = YES;
				CLANG_WARN_INFINITE_RECURSION = YES;
				CLANG_WARN_INT_CONVERSION = YES;
				CLANG_WARN_NON_LITERAL_NULL_CONVERSION = YES;
				CLANG_WARN_OBJC_IMPLICIT_RETAIN_SELF = YES;
				CLANG_WARN_OBJC_LITERAL_CONVERSION = YES;
				CLANG_WARN_OBJC_ROOT_CLASS = YES_ERROR;
				CLANG_WARN_QUOTED_INCLUDE_IN_FRAMEWORK_HEADER = YES;
				CLANG_WARN_RANGE_LOOP_ANALYSIS = YES;
				CLANG_WARN_STRICT_PROTOTYPES = YES;
				CLANG_WARN_SUSPICIOUS_MOVE = YES;
				CLANG_WARN_UNGUARDED_AVAILABILITY = YES_AGGRESSIVE;
				CLANG_WARN_UNREACHABLE_CODE = YES;
				CLANG_WARN__DUPLICATE_METHOD_MATCH = YES;
				COPY_PHASE_STRIP = NO;
				DEBUG_INFORMATION_FORMAT = dwarf;
				DEVELOPMENT_TEAM = 6YDNZ38C3W;
				ENABLE_STRICT_OBJC_MSGSEND = YES;
				ENABLE_TESTABILITY = YES;
				ENABLE_USER_SCRIPT_SANDBOXING = YES;
				GCC_C_LANGUAGE_STANDARD = gnu17;
				GCC_DYNAMIC_NO_PIC = NO;
				GCC_NO_COMMON_BLOCKS = YES;
				GCC_OPTIMIZATION_LEVEL = 0;
				GCC_PREPROCESSOR_DEFINITIONS = (
					"DEBUG=1",
					"$(inherited)",
				);
				GCC_WARN_64_TO_32_BIT_CONVERSION = YES;
				GCC_WARN_ABOUT_RETURN_TYPE = YES_ERROR;
				GCC_WARN_UNDECLARED_SELECTOR = YES;
				GCC_WARN_UNINITIALIZED_AUTOS = YES_AGGRESSIVE;
				GCC_WARN_UNUSED_FUNCTION = YES;
				GCC_WARN_UNUSED_VARIABLE = YES;
				IPHONEOS_DEPLOYMENT_TARGET = 18.4;
				LOCALIZATION_PREFERS_STRING_CATALOGS = YES;
				MTL_ENABLE_DEBUG_INFO = INCLUDE_SOURCE;
				MTL_FAST_MATH = YES;
				ONLY_ACTIVE_ARCH = YES;
				SDKROOT = iphoneos;
				SWIFT_ACTIVE_COMPILATION_CONDITIONS = "DEBUG $(inherited)";
				SWIFT_OPTIMIZATION_LEVEL = "-Onone";
			};
			name = Debug;
		};
		43694E502DA6793D00EBC345 /* Release */ = {
			isa = XCBuildConfiguration;
			buildSettings = {
				ALWAYS_SEARCH_USER_PATHS = NO;
				ASSETCATALOG_COMPILER_GENERATE_SWIFT_ASSET_SYMBOL_EXTENSIONS = YES;
				CLANG_ANALYZER_NONNULL = YES;
				CLANG_ANALYZER_NUMBER_OBJECT_CONVERSION = YES_AGGRESSIVE;
				CLANG_CXX_LANGUAGE_STANDARD = "gnu++20";
				CLANG_ENABLE_MODULES = YES;
				CLANG_ENABLE_OBJC_ARC = YES;
				CLANG_ENABLE_OBJC_WEAK = YES;
				CLANG_WARN_BLOCK_CAPTURE_AUTORELEASING = YES;
				CLANG_WARN_BOOL_CONVERSION = YES;
				CLANG_WARN_COMMA = YES;
				CLANG_WARN_CONSTANT_CONVERSION = YES;
				CLANG_WARN_DEPRECATED_OBJC_IMPLEMENTATIONS = YES;
				CLANG_WARN_DIRECT_OBJC_ISA_USAGE = YES_ERROR;
				CLANG_WARN_DOCUMENTATION_COMMENTS = YES;
				CLANG_WARN_EMPTY_BODY = YES;
				CLANG_WARN_ENUM_CONVERSION = YES;
				CLANG_WARN_INFINITE_RECURSION = YES;
				CLANG_WARN_INT_CONVERSION = YES;
				CLANG_WARN_NON_LITERAL_NULL_CONVERSION = YES;
				CLANG_WARN_OBJC_IMPLICIT_RETAIN_SELF = YES;
				CLANG_WARN_OBJC_LITERAL_CONVERSION = YES;
				CLANG_WARN_OBJC_ROOT_CLASS = YES_ERROR;
				CLANG_WARN_QUOTED_INCLUDE_IN_FRAMEWORK_HEADER = YES;
				CLANG_WARN_RANGE_LOOP_ANALYSIS = YES;
				CLANG_WARN_STRICT_PROTOTYPES = YES;
				CLANG_WARN_SUSPICIOUS_MOVE = YES;
				CLANG_WARN_UNGUARDED_AVAILABILITY = YES_AGGRESSIVE;
				CLANG_WARN_UNREACHABLE_CODE = YES;
				CLANG_WARN__DUPLICATE_METHOD_MATCH = YES;
				COPY_PHASE_STRIP = NO;
				DEBUG_INFORMATION_FORMAT = "dwarf-with-dsym";
				DEVELOPMENT_TEAM = 6YDNZ38C3W;
				ENABLE_NS_ASSERTIONS = NO;
				ENABLE_STRICT_OBJC_MSGSEND = YES;
				ENABLE_USER_SCRIPT_SANDBOXING = YES;
				GCC_C_LANGUAGE_STANDARD = gnu17;
				GCC_NO_COMMON_BLOCKS = YES;
				GCC_WARN_64_TO_32_BIT_CONVERSION = YES;
				GCC_WARN_ABOUT_RETURN_TYPE = YES_ERROR;
				GCC_WARN_UNDECLARED_SELECTOR = YES;
				GCC_WARN_UNINITIALIZED_AUTOS = YES_AGGRESSIVE;
				GCC_WARN_UNUSED_FUNCTION = YES;
				GCC_WARN_UNUSED_VARIABLE = YES;
				IPHONEOS_DEPLOYMENT_TARGET = 18.4;
				LOCALIZATION_PREFERS_STRING_CATALOGS = YES;
				MTL_ENABLE_DEBUG_INFO = NO;
				MTL_FAST_MATH = YES;
				SDKROOT = iphoneos;
				SWIFT_COMPILATION_MODE = wholemodule;
				VALIDATE_PRODUCT = YES;
			};
			name = Release;
		};
		43694E522DA6793D00EBC345 /* Debug */ = {
			isa = XCBuildConfiguration;
			buildSettings = {
				ASSETCATALOG_COMPILER_APPICON_NAME = AppIcon;
				ASSETCATALOG_COMPILER_GLOBAL_ACCENT_COLOR_NAME = AccentColor;
				CODE_SIGN_STYLE = Automatic;
				CURRENT_PROJECT_VERSION = 1;
				DEVELOPMENT_TEAM = 6YDNZ38C3W;
				ENABLE_PREVIEWS = YES;
				GENERATE_INFOPLIST_FILE = YES;
				INFOPLIST_FILE = "-WayhandshakeExchanging-Profileexchange-withHandshake-Info.plist";
				INFOPLIST_KEY_NSLocalNetworkUsageDescription = "このアプリは近くのデバイスと通信するためにローカルネットワークを使用します";
				INFOPLIST_KEY_UIApplicationSceneManifest_Generation = YES;
				INFOPLIST_KEY_UIApplicationSupportsIndirectInputEvents = YES;
				INFOPLIST_KEY_UILaunchScreen_Generation = YES;
				INFOPLIST_KEY_UISupportedInterfaceOrientations_iPad = "UIInterfaceOrientationPortrait UIInterfaceOrientationPortraitUpsideDown UIInterfaceOrientationLandscapeLeft UIInterfaceOrientationLandscapeRight";
				INFOPLIST_KEY_UISupportedInterfaceOrientations_iPhone = "UIInterfaceOrientationPortrait UIInterfaceOrientationLandscapeLeft UIInterfaceOrientationLandscapeRight";
				LD_RUNPATH_SEARCH_PATHS = (
					"$(inherited)",
					"@executable_path/Frameworks",
				);
				MARKETING_VERSION = 1.0;
				PRODUCT_BUNDLE_IDENTIFIER = "com.matassy.ProfExchangeHandshake.-WayhandshakeExchanging-Profileexchange-withHandshake";
				PRODUCT_NAME = "$(TARGET_NAME)";
				SWIFT_EMIT_LOC_STRINGS = YES;
				SWIFT_VERSION = 5.0;
				TARGETED_DEVICE_FAMILY = "1,2";
			};
			name = Debug;
		};
		43694E532DA6793D00EBC345 /* Release */ = {
			isa = XCBuildConfiguration;
			buildSettings = {
				ASSETCATALOG_COMPILER_APPICON_NAME = AppIcon;
				ASSETCATALOG_COMPILER_GLOBAL_ACCENT_COLOR_NAME = AccentColor;
				CODE_SIGN_STYLE = Automatic;
				CURRENT_PROJECT_VERSION = 1;
				DEVELOPMENT_TEAM = 6YDNZ38C3W;
				ENABLE_PREVIEWS = YES;
				GENERATE_INFOPLIST_FILE = YES;
				INFOPLIST_FILE = "-WayhandshakeExchanging-Profileexchange-withHandshake-Info.plist";
				INFOPLIST_KEY_NSLocalNetworkUsageDescription = "このアプリは近くのデバイスと通信するためにローカルネットワークを使用します";
				INFOPLIST_KEY_UIApplicationSceneManifest_Generation = YES;
				INFOPLIST_KEY_UIApplicationSupportsIndirectInputEvents = YES;
				INFOPLIST_KEY_UILaunchScreen_Generation = YES;
				INFOPLIST_KEY_UISupportedInterfaceOrientations_iPad = "UIInterfaceOrientationPortrait UIInterfaceOrientationPortraitUpsideDown UIInterfaceOrientationLandscapeLeft UIInterfaceOrientationLandscapeRight";
				INFOPLIST_KEY_UISupportedInterfaceOrientations_iPhone = "UIInterfaceOrientationPortrait UIInterfaceOrientationLandscapeLeft UIInterfaceOrientationLandscapeRight";
				LD_RUNPATH_SEARCH_PATHS = (
					"$(inherited)",
					"@executable_path/Frameworks",
				);
				MARKETING_VERSION = 1.0;
				PRODUCT_BUNDLE_IDENTIFIER = "com.matassy.ProfExchangeHandshake.-WayhandshakeExchanging-Profileexchange-withHandshake";
				PRODUCT_NAME = "$(TARGET_NAME)";
				SWIFT_EMIT_LOC_STRINGS = YES;
				SWIFT_VERSION = 5.0;
				TARGETED_DEVICE_FAMILY = "1,2";
			};
			name = Release;
		};
		43694E552DA6793D00EBC345 /* Debug */ = {
			isa = XCBuildConfiguration;
			buildSettings = {
				BUNDLE_LOADER = "$(TEST_HOST)";
				CODE_SIGN_STYLE = Automatic;
				CURRENT_PROJECT_VERSION = 1;
				DEVELOPMENT_TEAM = 6YDNZ38C3W;
				GENERATE_INFOPLIST_FILE = YES;
				IPHONEOS_DEPLOYMENT_TARGET = 18.4;
				MARKETING_VERSION = 1.0;
				PRODUCT_BUNDLE_IDENTIFIER = "com.matassy.ProfExchangeHandshake.-WayhandshakeExchanging-Profileexchange-withHandshakeTests";
				PRODUCT_NAME = "$(TARGET_NAME)";
				SWIFT_EMIT_LOC_STRINGS = NO;
				SWIFT_VERSION = 5.0;
				TARGETED_DEVICE_FAMILY = "1,2";
				TEST_HOST = "$(BUILT_PRODUCTS_DIR)/3WayhandshakeExchanging_Profileexchange_withHandshake.app/$(BUNDLE_EXECUTABLE_FOLDER_PATH)/3WayhandshakeExchanging_Profileexchange_withHandshake";
			};
			name = Debug;
		};
		43694E562DA6793D00EBC345 /* Release */ = {
			isa = XCBuildConfiguration;
			buildSettings = {
				BUNDLE_LOADER = "$(TEST_HOST)";
				CODE_SIGN_STYLE = Automatic;
				CURRENT_PROJECT_VERSION = 1;
				DEVELOPMENT_TEAM = 6YDNZ38C3W;
				GENERATE_INFOPLIST_FILE = YES;
				IPHONEOS_DEPLOYMENT_TARGET = 18.4;
				MARKETING_VERSION = 1.0;
				PRODUCT_BUNDLE_IDENTIFIER = "com.matassy.ProfExchangeHandshake.-WayhandshakeExchanging-Profileexchange-withHandshakeTests";
				PRODUCT_NAME = "$(TARGET_NAME)";
				SWIFT_EMIT_LOC_STRINGS = NO;
				SWIFT_VERSION = 5.0;
				TARGETED_DEVICE_FAMILY = "1,2";
				TEST_HOST = "$(BUILT_PRODUCTS_DIR)/3WayhandshakeExchanging_Profileexchange_withHandshake.app/$(BUNDLE_EXECUTABLE_FOLDER_PATH)/3WayhandshakeExchanging_Profileexchange_withHandshake";
			};
			name = Release;
		};
		43694E582DA6793D00EBC345 /* Debug */ = {
			isa = XCBuildConfiguration;
			buildSettings = {
				CODE_SIGN_STYLE = Automatic;
				CURRENT_PROJECT_VERSION = 1;
				DEVELOPMENT_TEAM = 6YDNZ38C3W;
				GENERATE_INFOPLIST_FILE = YES;
				MARKETING_VERSION = 1.0;
				PRODUCT_BUNDLE_IDENTIFIER = "com.matassy.ProfExchangeHandshake.-WayhandshakeExchanging-Profileexchange-withHandshakeUITests";
				PRODUCT_NAME = "$(TARGET_NAME)";
				SWIFT_EMIT_LOC_STRINGS = NO;
				SWIFT_VERSION = 5.0;
				TARGETED_DEVICE_FAMILY = "1,2";
				TEST_TARGET_NAME = 3WayhandshakeExchanging_Profileexchange_withHandshake;
			};
			name = Debug;
		};
		43694E592DA6793D00EBC345 /* Release */ = {
			isa = XCBuildConfiguration;
			buildSettings = {
				CODE_SIGN_STYLE = Automatic;
				CURRENT_PROJECT_VERSION = 1;
				DEVELOPMENT_TEAM = 6YDNZ38C3W;
				GENERATE_INFOPLIST_FILE = YES;
				MARKETING_VERSION = 1.0;
				PRODUCT_BUNDLE_IDENTIFIER = "com.matassy.ProfExchangeHandshake.-WayhandshakeExchanging-Profileexchange-withHandshakeUITests";
				PRODUCT_NAME = "$(TARGET_NAME)";
				SWIFT_EMIT_LOC_STRINGS = NO;
				SWIFT_VERSION = 5.0;
				TARGETED_DEVICE_FAMILY = "1,2";
				TEST_TARGET_NAME = 3WayhandshakeExchanging_Profileexchange_withHandshake;
			};
			name = Release;
		};
/* End XCBuildConfiguration section */

/* Begin XCConfigurationList section */
		43694E2B2DA6793C00EBC345 /* Build configuration list for PBXProject "3WayhandshakeExchanging_Profileexchange_withHandshake" */ = {
			isa = XCConfigurationList;
			buildConfigurations = (
				43694E4F2DA6793D00EBC345 /* Debug */,
				43694E502DA6793D00EBC345 /* Release */,
			);
			defaultConfigurationIsVisible = 0;
			defaultConfigurationName = Release;
		};
		43694E512DA6793D00EBC345 /* Build configuration list for PBXNativeTarget "3WayhandshakeExchanging_Profileexchange_withHandshake" */ = {
			isa = XCConfigurationList;
			buildConfigurations = (
				43694E522DA6793D00EBC345 /* Debug */,
				43694E532DA6793D00EBC345 /* Release */,
			);
			defaultConfigurationIsVisible = 0;
			defaultConfigurationName = Release;
		};
		43694E542DA6793D00EBC345 /* Build configuration list for PBXNativeTarget "3WayhandshakeExchanging_Profileexchange_withHandshakeTests" */ = {
			isa = XCConfigurationList;
			buildConfigurations = (
				43694E552DA6793D00EBC345 /* Debug */,
				43694E562DA6793D00EBC345 /* Release */,
			);
			defaultConfigurationIsVisible = 0;
			defaultConfigurationName = Release;
		};
		43694E572DA6793D00EBC345 /* Build configuration list for PBXNativeTarget "3WayhandshakeExchanging_Profileexchange_withHandshakeUITests" */ = {
			isa = XCConfigurationList;
			buildConfigurations = (
				43694E582DA6793D00EBC345 /* Debug */,
				43694E592DA6793D00EBC345 /* Release */,
			);
			defaultConfigurationIsVisible = 0;
			defaultConfigurationName = Release;
		};
/* End XCConfigurationList section */
	};
	rootObject = 43694E282DA6793C00EBC345 /* Project object */;
}
